
Microsoft Visual Studio Solution File, Format Version 12.00
# Visual Studio 2013
VisualStudioVersion = 12.0.21005.1
MinimumVisualStudioVersion = 10.0.40219.1
Project("{FAE04EC0-301F-11D3-BF4B-00C04F79EFBC}") = "连连看游戏", "连连看游戏\连连看游戏.csproj", "{30A0A3DE-5227-4E0B-8478-39F445C9F566}"
EndProject
Project("{FAE04EC0-301F-11D3-BF4B-00C04F79EFBC}") = "连连看练习2", "连连看练习2\连连看练习2.csproj", "{192D2A5D-5585-4444-9718-988B10C82F53}"
EndProject
Global
	GlobalSection(SolutionConfigurationPlatforms) = preSolution
		Debug|Any CPU = Debug|Any CPU
		Release|Any CPU = Release|Any CPU
	EndGlobalSection
	GlobalSection(ProjectConfigurationPlatforms) = postSolution
		{30A0A3DE-5227-4E0B-8478-39F445C9F566}.Debug|Any CPU.ActiveCfg = Debug|Any CPU
		{30A0A3DE-5227-4E0B-8478-39F445C9F566}.Debug|Any CPU.Build.0 = Debug|Any CPU
		{30A0A3DE-5227-4E0B-8478-39F445C9F566}.Release|Any CPU.ActiveCfg = Release|Any CPU
		{30A0A3DE-5227-4E0B-8478-39F445C9F566}.Release|Any CPU.Build.0 = Release|Any CPU
		{192D2A5D-5585-4444-9718-988B10C82F53}.Debug|Any CPU.ActiveCfg = Debug|Any CPU
		{192D2A5D-5585-4444-9718-988B10C82F53}.Debug|Any CPU.Build.0 = Debug|Any CPU
		{192D2A5D-5585-4444-9718-988B10C82F53}.Release|Any CPU.ActiveCfg = Release|Any CPU
		{192D2A5D-5585-4444-9718-988B10C82F53}.Release|Any CPU.Build.0 = Release|Any CPU
	EndGlobalSection
	GlobalSection(SolutionProperties) = preSolution
		HideSolutionNode = FALSE
	EndGlobalSection
EndGlobal
